
Microsoft Visual Studio Solution File, Format Version 12.00
# Visual Studio Version 17
VisualStudioVersion = 17.6.33829.357
MinimumVisualStudioVersion = 10.0.40219.1
Project("{FAE04EC0-301F-11D3-BF4B-00C04F79EFBC}") = "cp-powerhouse", "cp-powerhouse\cp-powerhouse.csproj", "{6180F78C-D93B-449A-B187-BED51E5EB174}"
EndProject
Global
	GlobalSection(SolutionConfigurationPlatforms) = preSolution
		Debug|Any CPU = Debug|Any CPU
		Release|Any CPU = Release|Any CPU
	EndGlobalSection
	GlobalSection(ProjectConfigurationPlatforms) = postSolution
		{6180F78C-D93B-449A-B187-BED51E5EB174}.Debug|Any CPU.ActiveCfg = Debug|Any CPU
		{6180F78C-D93B-449A-B187-BED51E5EB174}.Debug|Any CPU.Build.0 = Debug|Any CPU
		{6180F78C-D93B-449A-B187-BED51E5EB174}.Release|Any CPU.ActiveCfg = Release|Any CPU
		{6180F78C-D93B-449A-B187-BED51E5EB174}.Release|Any CPU.Build.0 = Release|Any CPU
	EndGlobalSection
	GlobalSection(SolutionProperties) = preSolution
		HideSolutionNode = FALSE
	EndGlobalSection
	GlobalSection(ExtensibilityGlobals) = postSolution
		SolutionGuid = {79DDAF60-6E67-4B18-889D-3C1C37C610FB}
	EndGlobalSection
EndGlobal
